
Microsoft Visual Studio Solution File, Format Version 12.00
# Visual Studio 15
VisualStudioVersion = 15.0.27428.2037
MinimumVisualStudioVersion = 10.0.40219.1
Project("{FAE04EC0-301F-11D3-BF4B-00C04F79EFBC}") = "Biblioteca", "Biblioteca\Biblioteca.csproj", "{A5458198-9E15-436F-9C08-755B1B72BEA7}"
EndProject
Project("{2150E333-8FDC-42A3-9474-1A3956D46DE8}") = "Solution Items", "Solution Items", "{8DF15F08-8CAF-4C6F-A040-34181B6AE9F1}"
EndProject
Global
	GlobalSection(SolutionConfigurationPlatforms) = preSolution
		Debug|Any CPU = Debug|Any CPU
		Release|Any CPU = Release|Any CPU
	EndGlobalSection
	GlobalSection(ProjectConfigurationPlatforms) = postSolution
		{A5458198-9E15-436F-9C08-755B1B72BEA7}.Debug|Any CPU.ActiveCfg = Debug|Any CPU
		{A5458198-9E15-436F-9C08-755B1B72BEA7}.Debug|Any CPU.Build.0 = Debug|Any CPU
		{A5458198-9E15-436F-9C08-755B1B72BEA7}.Release|Any CPU.ActiveCfg = Release|Any CPU
		{A5458198-9E15-436F-9C08-755B1B72BEA7}.Release|Any CPU.Build.0 = Release|Any CPU
	EndGlobalSection
	GlobalSection(SolutionProperties) = preSolution
		HideSolutionNode = FALSE
	EndGlobalSection
	GlobalSection(ExtensibilityGlobals) = postSolution
		SolutionGuid = {1B1CC27F-E389-4CF7-8537-29BACDDB155C}
	EndGlobalSection
EndGlobal
